
Microsoft Visual Studio Solution File, Format Version 12.00
# Visual Studio Version 16
VisualStudioVersion = 16.0.29709.97
MinimumVisualStudioVersion = 10.0.40219.1
Project("{FAE04EC0-301F-11D3-BF4B-00C04F79EFBC}") = "DemoAlgorith", "DemoAlgorith\DemoAlgorith.csproj", "{0F5C7E29-F149-4477-860A-60AB25C9D6D8}"
EndProject
Project("{FAE04EC0-301F-11D3-BF4B-00C04F79EFBC}") = "DemoBubbleSort", "DemoBubbleSort\DemoBubbleSort.csproj", "{D310EA45-D8C4-42E8-BFDD-7424B84AC39F}"
EndProject
Project("{FAE04EC0-301F-11D3-BF4B-00C04F79EFBC}") = "InsertionSort", "InsertionSort\InsertionSort.csproj", "{B2FD0568-8B91-41CA-9ED8-096D2B8BACD2}"
EndProject
Project("{FAE04EC0-301F-11D3-BF4B-00C04F79EFBC}") = "QuickSort", "QuickSort\QuickSort.csproj", "{C1A57170-6B9A-4662-89B8-83949CF9D412}"
EndProject
Project("{FAE04EC0-301F-11D3-BF4B-00C04F79EFBC}") = "QuickSort2", "QuickSort2\QuickSort2.csproj", "{FFBFC982-1724-475A-9141-1C578ECB5895}"
EndProject
Project("{FAE04EC0-301F-11D3-BF4B-00C04F79EFBC}") = "LinearSearch", "LinearSearch\LinearSearch.csproj", "{CD65D2A8-3F49-4A07-B8D5-B0442B64D085}"
EndProject
Project("{FAE04EC0-301F-11D3-BF4B-00C04F79EFBC}") = "BinarySearch", "BinarySearch\BinarySearch.csproj", "{AD02FEA1-AD83-419E-AA13-B3EC19F078FE}"
EndProject
Global
	GlobalSection(SolutionConfigurationPlatforms) = preSolution
		Debug|Any CPU = Debug|Any CPU
		Release|Any CPU = Release|Any CPU
	EndGlobalSection
	GlobalSection(ProjectConfigurationPlatforms) = postSolution
		{0F5C7E29-F149-4477-860A-60AB25C9D6D8}.Debug|Any CPU.ActiveCfg = Debug|Any CPU
		{0F5C7E29-F149-4477-860A-60AB25C9D6D8}.Debug|Any CPU.Build.0 = Debug|Any CPU
		{0F5C7E29-F149-4477-860A-60AB25C9D6D8}.Release|Any CPU.ActiveCfg = Release|Any CPU
		{0F5C7E29-F149-4477-860A-60AB25C9D6D8}.Release|Any CPU.Build.0 = Release|Any CPU
		{D310EA45-D8C4-42E8-BFDD-7424B84AC39F}.Debug|Any CPU.ActiveCfg = Debug|Any CPU
		{D310EA45-D8C4-42E8-BFDD-7424B84AC39F}.Debug|Any CPU.Build.0 = Debug|Any CPU
		{D310EA45-D8C4-42E8-BFDD-7424B84AC39F}.Release|Any CPU.ActiveCfg = Release|Any CPU
		{D310EA45-D8C4-42E8-BFDD-7424B84AC39F}.Release|Any CPU.Build.0 = Release|Any CPU
		{B2FD0568-8B91-41CA-9ED8-096D2B8BACD2}.Debug|Any CPU.ActiveCfg = Debug|Any CPU
		{B2FD0568-8B91-41CA-9ED8-096D2B8BACD2}.Debug|Any CPU.Build.0 = Debug|Any CPU
		{B2FD0568-8B91-41CA-9ED8-096D2B8BACD2}.Release|Any CPU.ActiveCfg = Release|Any CPU
		{B2FD0568-8B91-41CA-9ED8-096D2B8BACD2}.Release|Any CPU.Build.0 = Release|Any CPU
		{C1A57170-6B9A-4662-89B8-83949CF9D412}.Debug|Any CPU.ActiveCfg = Debug|Any CPU
		{C1A57170-6B9A-4662-89B8-83949CF9D412}.Debug|Any CPU.Build.0 = Debug|Any CPU
		{C1A57170-6B9A-4662-89B8-83949CF9D412}.Release|Any CPU.ActiveCfg = Release|Any CPU
		{C1A57170-6B9A-4662-89B8-83949CF9D412}.Release|Any CPU.Build.0 = Release|Any CPU
		{FFBFC982-1724-475A-9141-1C578ECB5895}.Debug|Any CPU.ActiveCfg = Debug|Any CPU
		{FFBFC982-1724-475A-9141-1C578ECB5895}.Debug|Any CPU.Build.0 = Debug|Any CPU
		{FFBFC982-1724-475A-9141-1C578ECB5895}.Release|Any CPU.ActiveCfg = Release|Any CPU
		{FFBFC982-1724-475A-9141-1C578ECB5895}.Release|Any CPU.Build.0 = Release|Any CPU
		{CD65D2A8-3F49-4A07-B8D5-B0442B64D085}.Debug|Any CPU.ActiveCfg = Debug|Any CPU
		{CD65D2A8-3F49-4A07-B8D5-B0442B64D085}.Debug|Any CPU.Build.0 = Debug|Any CPU
		{CD65D2A8-3F49-4A07-B8D5-B0442B64D085}.Release|Any CPU.ActiveCfg = Release|Any CPU
		{CD65D2A8-3F49-4A07-B8D5-B0442B64D085}.Release|Any CPU.Build.0 = Release|Any CPU
		{AD02FEA1-AD83-419E-AA13-B3EC19F078FE}.Debug|Any CPU.ActiveCfg = Debug|Any CPU
		{AD02FEA1-AD83-419E-AA13-B3EC19F078FE}.Debug|Any CPU.Build.0 = Debug|Any CPU
		{AD02FEA1-AD83-419E-AA13-B3EC19F078FE}.Release|Any CPU.ActiveCfg = Release|Any CPU
		{AD02FEA1-AD83-419E-AA13-B3EC19F078FE}.Release|Any CPU.Build.0 = Release|Any CPU
	EndGlobalSection
	GlobalSection(SolutionProperties) = preSolution
		HideSolutionNode = FALSE
	EndGlobalSection
	GlobalSection(ExtensibilityGlobals) = postSolution
		SolutionGuid = {2AE1E3F7-5387-458E-AE28-A4DC297C5883}
	EndGlobalSection
EndGlobal
